
Microsoft Visual Studio Solution File, Format Version 12.00
# Visual Studio 15
VisualStudioVersion = 15.0.28307.1738
MinimumVisualStudioVersion = 10.0.40219.1
Project("{FAE04EC0-301F-11D3-BF4B-00C04F79EFBC}") = "Lifeline", "Lifeline\Lifeline.csproj", "{940868DE-77CD-4D9E-B856-67B7B9E24797}"
EndProject
Global
	GlobalSection(SolutionConfigurationPlatforms) = preSolution
		Debug|Any CPU = Debug|Any CPU
		Release|Any CPU = Release|Any CPU
	EndGlobalSection
	GlobalSection(ProjectConfigurationPlatforms) = postSolution
		{940868DE-77CD-4D9E-B856-67B7B9E24797}.Debug|Any CPU.ActiveCfg = Debug|Any CPU
		{940868DE-77CD-4D9E-B856-67B7B9E24797}.Debug|Any CPU.Build.0 = Debug|Any CPU
		{940868DE-77CD-4D9E-B856-67B7B9E24797}.Release|Any CPU.ActiveCfg = Release|Any CPU
		{940868DE-77CD-4D9E-B856-67B7B9E24797}.Release|Any CPU.Build.0 = Release|Any CPU
	EndGlobalSection
	GlobalSection(SolutionProperties) = preSolution
		HideSolutionNode = FALSE
	EndGlobalSection
	GlobalSection(ExtensibilityGlobals) = postSolution
		SolutionGuid = {BF127C0C-D1F0-49A9-87C5-E74A82186CF6}
	EndGlobalSection
EndGlobal
